
Microsoft Visual Studio Solution File, Format Version 12.00
# Visual Studio Version 17
VisualStudioVersion = 17.4.33103.184
MinimumVisualStudioVersion = 10.0.40219.1
Project("{FAE04EC0-301F-11D3-BF4B-00C04F79EFBC}") = "W4_assignment", "W4_assignment.csproj", "{5B42866E-C7BC-452E-89D4-67D4F4E24684}"
EndProject
Global
	GlobalSection(SolutionConfigurationPlatforms) = preSolution
		Debug|Any CPU = Debug|Any CPU
		Release|Any CPU = Release|Any CPU
	EndGlobalSection
	GlobalSection(ProjectConfigurationPlatforms) = postSolution
		{5B42866E-C7BC-452E-89D4-67D4F4E24684}.Debug|Any CPU.ActiveCfg = Debug|Any CPU
		{5B42866E-C7BC-452E-89D4-67D4F4E24684}.Debug|Any CPU.Build.0 = Debug|Any CPU
		{5B42866E-C7BC-452E-89D4-67D4F4E24684}.Release|Any CPU.ActiveCfg = Release|Any CPU
		{5B42866E-C7BC-452E-89D4-67D4F4E24684}.Release|Any CPU.Build.0 = Release|Any CPU
	EndGlobalSection
	GlobalSection(SolutionProperties) = preSolution
		HideSolutionNode = FALSE
	EndGlobalSection
	GlobalSection(ExtensibilityGlobals) = postSolution
		SolutionGuid = {BF603E9A-8464-451B-97A7-B43D53312437}
	EndGlobalSection
EndGlobal
